{
    "version": 3,
    "terraform_version": "0.7.3",
    "serial": 48,
    "lineage": "82a0f2b4-2ea7-4280-b65e-20872d667500",
    "modules": [
        {
            "path": [
                "root"
            ],
            "outputs": {
                "Bastion_Windows": {
                    "sensitive": false,
                    "type": "string",
                    "value": "ec2-54-172-86-141.compute-1.amazonaws.com"
                },
                "VPN_Sophos": {
                    "sensitive": false,
                    "type": "string",
                    "value": "ec2-54-173-211-100.compute-1.amazonaws.com , 10.10.0.193"
                },
                "VPN_Sophos-2-INT": {
                    "sensitive": false,
                    "type": "string",
                    "value": "ec2-54-86-236-69.compute-1.amazonaws.com , 10.10.0.171"
                },
                "instance": {
                    "sensitive": false,
                    "type": "string",
                    "value": ""
                }
            },
            "resources": {
                "aws_elb.Web-elb": {
                    "type": "aws_elb",
                    "depends_on": [
                        "aws_security_group.allow_remote",
                        "aws_subnet.pub_subnet_1",
                        "aws_subnet.pub_subnet_2"
                    ],
                    "primary": {
                        "id": "web-elb",
                        "attributes": {
                            "access_logs.#": "0",
                            "availability_zones.#": "2",
                            "availability_zones.1305112097": "us-east-1b",
                            "availability_zones.3569565595": "us-east-1a",
                            "connection_draining": "true",
                            "connection_draining_timeout": "400",
                            "cross_zone_load_balancing": "true",
                            "dns_name": "web-elb-333551087.us-east-1.elb.amazonaws.com",
                            "health_check.#": "1",
                            "health_check.0.healthy_threshold": "2",
                            "health_check.0.interval": "15",
                            "health_check.0.target": "http:80/",
                            "health_check.0.timeout": "3",
                            "health_check.0.unhealthy_threshold": "2",
                            "id": "web-elb",
                            "idle_timeout": "60",
                            "instances.#": "0",
                            "internal": "false",
                            "listener.#": "1",
                            "listener.3057123346.instance_port": "80",
                            "listener.3057123346.instance_protocol": "http",
                            "listener.3057123346.lb_port": "80",
                            "listener.3057123346.lb_protocol": "http",
                            "listener.3057123346.ssl_certificate_id": "",
                            "name": "web-elb",
                            "security_groups.#": "1",
                            "security_groups.1478189314": "sg-960f17e0",
                            "source_security_group": "752885555670/allow_remote",
                            "source_security_group_id": "sg-960f17e0",
                            "subnets.#": "2",
                            "subnets.1132601461": "subnet-cb2023e4",
                            "subnets.3033247647": "subnet-302df87a",
                            "tags.%": "1",
                            "tags.Name": "Web-elb",
                            "zone_id": "Z35SXDOTRQ7X7K"
                        },
                        "meta": {},
                        "tainted": false
                    },
                    "deposed": [],
                    "provider": ""
                },
                "aws_instance.Bastion_Windows": {
                    "type": "aws_instance",
                    "depends_on": [
                        "aws_key_pair.linux1",
                        "aws_security_group.allow_remote",
                        "aws_subnet.pub_subnet_1"
                    ],
                    "primary": {
                        "id": "i-0b12b5ebdf8918b38",
                        "attributes": {
                            "ami": "ami-ed14c790",
                            "associate_public_ip_address": "true",
                            "availability_zone": "us-east-1a",
                            "disable_api_termination": "false",
                            "ebs_block_device.#": "0",
                            "ebs_optimized": "false",
                            "ephemeral_block_device.#": "0",
                            "iam_instance_profile": "",
                            "id": "i-0b12b5ebdf8918b38",
                            "instance_state": "running",
                            "instance_type": "t2.micro",
                            "key_name": "linux1",
                            "monitoring": "false",
                            "network_interface_id": "eni-6486a4f7",
                            "private_dns": "ip-10-10-0-86.ec2.internal",
                            "private_ip": "10.10.0.86",
                            "public_dns": "ec2-54-172-86-141.compute-1.amazonaws.com",
                            "public_ip": "54.172.86.141",
                            "root_block_device.#": "1",
                            "root_block_device.0.delete_on_termination": "true",
                            "root_block_device.0.iops": "100",
                            "root_block_device.0.volume_size": "30",
                            "root_block_device.0.volume_type": "gp2",
                            "security_groups.#": "0",
                            "source_dest_check": "true",
                            "subnet_id": "subnet-cb2023e4",
                            "tags.%": "1",
                            "tags.Name": "BASTION_WINDOWS",
                            "tenancy": "default",
                            "vpc_security_group_ids.#": "1",
                            "vpc_security_group_ids.1478189314": "sg-960f17e0"
                        },
                        "meta": {
                            "schema_version": "1"
                        },
                        "tainted": false
                    },
                    "deposed": [],
                    "provider": ""
                },
                "aws_instance.Jenkins_CI_CD": {
                    "type": "aws_instance",
                    "depends_on": [
                        "aws_key_pair.linux1",
                        "aws_security_group.Internal-SG",
                        "aws_subnet.mgmt_subnet_1"
                    ],
                    "primary": {
                        "id": "i-01efba62da73f1bd4",
                        "attributes": {
                            "ami": "ami-1853ac65",
                            "associate_public_ip_address": "false",
                            "availability_zone": "us-east-1a",
                            "disable_api_termination": "false",
                            "ebs_block_device.#": "0",
                            "ebs_optimized": "false",
                            "ephemeral_block_device.#": "0",
                            "iam_instance_profile": "",
                            "id": "i-01efba62da73f1bd4",
                            "instance_state": "stopped",
                            "instance_type": "t2.micro",
                            "key_name": "linux1",
                            "monitoring": "false",
                            "network_interface_id": "eni-42ba98d1",
                            "private_dns": "ip-10-10-3-55.ec2.internal",
                            "private_ip": "10.10.3.55",
                            "public_dns": "",
                            "public_ip": "",
                            "root_block_device.#": "1",
                            "root_block_device.0.delete_on_termination": "true",
                            "root_block_device.0.iops": "100",
                            "root_block_device.0.volume_size": "8",
                            "root_block_device.0.volume_type": "gp2",
                            "security_groups.#": "0",
                            "source_dest_check": "true",
                            "subnet_id": "subnet-892e2da6",
                            "tags.%": "2",
                            "tags.Name": "JENKINS",
                            "tags.Purp": "CI CD",
                            "tenancy": "default",
                            "vpc_security_group_ids.#": "1",
                            "vpc_security_group_ids.4045551224": "sg-b40111c2"
                        },
                        "meta": {
                            "schema_version": "1"
                        },
                        "tainted": false
                    },
                    "deposed": [],
                    "provider": ""
                },
                "aws_instance.Nginx-1": {
                    "type": "aws_instance",
                    "depends_on": [
                        "aws_key_pair.linux1",
                        "aws_security_group.allow_remote",
                        "aws_subnet.pub_subnet_1"
                    ],
                    "primary": {
                        "id": "i-0fee6b491429c4db8",
                        "attributes": {
                            "ami": "ami-97785bed",
                            "availability_zone": "us-east-1a",
                            "disable_api_termination": "false",
                            "ebs_block_device.#": "0",
                            "ebs_optimized": "false",
                            "ephemeral_block_device.#": "0",
                            "iam_instance_profile": "",
                            "id": "i-0fee6b491429c4db8",
                            "instance_state": "stopped",
                            "instance_type": "t2.micro",
                            "key_name": "linux1",
                            "monitoring": "true",
                            "network_interface_id": "eni-4cb89adf",
                            "private_dns": "ip-10-10-0-88.ec2.internal",
                            "private_ip": "10.10.0.88",
                            "public_dns": "",
                            "public_ip": "",
                            "root_block_device.#": "1",
                            "root_block_device.0.delete_on_termination": "true",
                            "root_block_device.0.iops": "100",
                            "root_block_device.0.volume_size": "8",
                            "root_block_device.0.volume_type": "gp2",
                            "security_groups.#": "0",
                            "source_dest_check": "true",
                            "subnet_id": "subnet-cb2023e4",
                            "tags.%": "1",
                            "tags.Name": "NGINX-1",
                            "tenancy": "default",
                            "vpc_security_group_ids.#": "1",
                            "vpc_security_group_ids.1478189314": "sg-960f17e0"
                        },
                        "meta": {
                            "schema_version": "1"
                        },
                        "tainted": false
                    },
                    "deposed": [],
                    "provider": ""
                },
                "aws_instance.Nginx-2": {
                    "type": "aws_instance",
                    "depends_on": [
                        "aws_key_pair.linux1",
                        "aws_security_group.allow_remote",
                        "aws_subnet.pub_subnet_2"
                    ],
                    "primary": {
                        "id": "i-04e6eee366da91124",
                        "attributes": {
                            "ami": "ami-97785bed",
                            "availability_zone": "us-east-1b",
                            "disable_api_termination": "false",
                            "ebs_block_device.#": "0",
                            "ebs_optimized": "false",
                            "ephemeral_block_device.#": "0",
                            "iam_instance_profile": "",
                            "id": "i-04e6eee366da91124",
                            "instance_state": "stopped",
                            "instance_type": "t2.micro",
                            "key_name": "linux1",
                            "monitoring": "true",
                            "network_interface_id": "eni-a7da4b3a",
                            "private_dns": "ip-10-10-0-231.ec2.internal",
                            "private_ip": "10.10.0.231",
                            "public_dns": "",
                            "public_ip": "",
                            "root_block_device.#": "1",
                            "root_block_device.0.delete_on_termination": "true",
                            "root_block_device.0.iops": "100",
                            "root_block_device.0.volume_size": "8",
                            "root_block_device.0.volume_type": "gp2",
                            "security_groups.#": "0",
                            "source_dest_check": "true",
                            "subnet_id": "subnet-302df87a",
                            "tags.%": "1",
                            "tags.Name": "NGINX-2",
                            "tenancy": "default",
                            "vpc_security_group_ids.#": "1",
                            "vpc_security_group_ids.1478189314": "sg-960f17e0"
                        },
                        "meta": {
                            "schema_version": "1"
                        },
                        "tainted": false
                    },
                    "deposed": [],
                    "provider": ""
                },
                "aws_instance.VPN-Sophos": {
                    "type": "aws_instance",
                    "depends_on": [
                        "aws_security_group.sophos_int_sg",
                        "aws_subnet.pub_subnet_2"
                    ],
                    "primary": {
                        "id": "i-0d611a9c36d905fa0",
                        "attributes": {
                            "ami": "ami-0fc06119",
                            "associate_public_ip_address": "true",
                            "availability_zone": "us-east-1b",
                            "disable_api_termination": "false",
                            "ebs_block_device.#": "0",
                            "ebs_optimized": "false",
                            "ephemeral_block_device.#": "0",
                            "iam_instance_profile": "",
                            "id": "i-0d611a9c36d905fa0",
                            "instance_state": "running",
                            "instance_type": "m4.large",
                            "key_name": "",
                            "monitoring": "true",
                            "network_interface_id": "eni-49de4fd4",
                            "private_dns": "ip-10-10-0-193.ec2.internal",
                            "private_ip": "10.10.0.193",
                            "public_dns": "ec2-54-173-211-100.compute-1.amazonaws.com",
                            "public_ip": "54.173.211.100",
                            "root_block_device.#": "1",
                            "root_block_device.0.delete_on_termination": "true",
                            "root_block_device.0.iops": "300",
                            "root_block_device.0.volume_size": "100",
                            "root_block_device.0.volume_type": "gp2",
                            "security_groups.#": "0",
                            "source_dest_check": "true",
                            "subnet_id": "subnet-302df87a",
                            "tags.%": "1",
                            "tags.Name": "VPN-SOPHOS",
                            "tenancy": "default",
                            "vpc_security_group_ids.#": "1",
                            "vpc_security_group_ids.1307238326": "sg-8c0b1bfa"
                        },
                        "meta": {
                            "schema_version": "1"
                        },
                        "tainted": false
                    },
                    "deposed": [],
                    "provider": ""
                },
                "aws_instance.VPN-Sophos-2": {
                    "type": "aws_instance",
                    "depends_on": [
                        "aws_security_group.sophos_int_sg",
                        "aws_subnet.pub_subnet_2"
                    ],
                    "primary": {
                        "id": "i-0e7c362fa376c67e0",
                        "attributes": {
                            "ami": "ami-0fc06119",
                            "associate_public_ip_address": "true",
                            "availability_zone": "us-east-1b",
                            "disable_api_termination": "false",
                            "ebs_block_device.#": "0",
                            "ebs_optimized": "false",
                            "ephemeral_block_device.#": "0",
                            "iam_instance_profile": "",
                            "id": "i-0e7c362fa376c67e0",
                            "instance_state": "running",
                            "instance_type": "m4.large",
                            "key_name": "",
                            "monitoring": "true",
                            "network_interface_id": "eni-94137109",
                            "private_dns": "ip-10-10-0-171.ec2.internal",
                            "private_ip": "10.10.0.171",
                            "public_dns": "ec2-54-86-236-69.compute-1.amazonaws.com",
                            "public_ip": "54.86.236.69",
                            "root_block_device.#": "1",
                            "root_block_device.0.delete_on_termination": "true",
                            "root_block_device.0.iops": "300",
                            "root_block_device.0.volume_size": "100",
                            "root_block_device.0.volume_type": "gp2",
                            "security_groups.#": "0",
                            "source_dest_check": "true",
                            "subnet_id": "subnet-302df87a",
                            "tags.%": "1",
                            "tags.Name": "VPN-SOPHOS-2",
                            "tenancy": "default",
                            "vpc_security_group_ids.#": "1",
                            "vpc_security_group_ids.1307238326": "sg-8c0b1bfa"
                        },
                        "meta": {
                            "schema_version": "1"
                        },
                        "tainted": false
                    },
                    "deposed": [],
                    "provider": ""
                },
                "aws_internet_gateway.IGW": {
                    "type": "aws_internet_gateway",
                    "depends_on": [
                        "aws_vpc.Bancroft_Group"
                    ],
                    "primary": {
                        "id": "igw-e9bf0d91",
                        "attributes": {
                            "id": "igw-e9bf0d91",
                            "tags.%": "0",
                            "vpc_id": "vpc-6f731614"
                        },
                        "meta": {},
                        "tainted": false
                    },
                    "deposed": [],
                    "provider": ""
                },
                "aws_key_pair.linux1": {
                    "type": "aws_key_pair",
                    "depends_on": [],
                    "primary": {
                        "id": "linux1",
                        "attributes": {
                            "fingerprint": "2e:1f:d7:b6:c5:17:e8:d7:8b:8f:13:1b:a1:59:38:0c",
                            "id": "linux1",
                            "key_name": "linux1",
                            "public_key": "ssh-rsa AAAAB3NzaC1yc2EAAAADAQABAAABAQCqGvt33vtrE/qn/Wgb4x0BZF4ysassTp6+zDOdj2RCTJsq13QK+cy9kY1P8M7gxlrkn86lmR7kpOqbcZhfXEtyd3dhwRhfHfOypqaO90oQXINO1bHEQfMoU6AOv0ZGpmhNWK1QFXKfNc1jXnHeUAPnt2ntve1MTbmzh71txpvRNtm2hg0vwONP2BcQoI9ftzJqkLhUbFUl6gBJTE8Qus9FZnrhk9q9wL2EFRlul8JmRrRiOAVCcIHqLXkEQYdjcc/k/oHXdzA3YlRuQ1wuIXK3DhODSggG3NdiS/VGdrKXPhG1TKiUz8p28gsMylCWRfzboySptQZZbGhTu/2mggRl administrator@MacBook-Pro.local"
                        },
                        "meta": {
                            "schema_version": "1"
                        },
                        "tainted": false
                    },
                    "deposed": [],
                    "provider": ""
                },
                "aws_network_interface.vpn-sophos-2-int": {
                    "type": "aws_network_interface",
                    "depends_on": [
                        "aws_security_group.sophos_int_sg",
                        "aws_subnet.sophos_int_subnet_2"
                    ],
                    "primary": {
                        "id": "eni-08c78b95",
                        "attributes": {
                            "attachment.#": "0",
                            "description": "sophos-2_int_240",
                            "id": "eni-08c78b95",
                            "private_ips.#": "1",
                            "private_ips.1561439616": "10.10.2.240",
                            "security_groups.#": "1",
                            "security_groups.1307238326": "sg-8c0b1bfa",
                            "source_dest_check": "true",
                            "subnet_id": "subnet-d027f29a",
                            "tags.%": "1",
                            "tags.Name": "vpn-sophos-2-int"
                        },
                        "meta": {},
                        "tainted": false
                    },
                    "deposed": [],
                    "provider": ""
                },
                "aws_network_interface.vpn-sophos-int": {
                    "type": "aws_network_interface",
                    "depends_on": [
                        "aws_security_group.sophos_int_sg",
                        "aws_subnet.sophos_int_subnet_2"
                    ],
                    "primary": {
                        "id": "eni-deda4b43",
                        "attributes": {
                            "attachment.#": "0",
                            "description": "sophos_int_230",
                            "id": "eni-deda4b43",
                            "private_ips.#": "1",
                            "private_ips.307247943": "10.10.2.230",
                            "security_groups.#": "1",
                            "security_groups.1307238326": "sg-8c0b1bfa",
                            "source_dest_check": "true",
                            "subnet_id": "subnet-d027f29a",
                            "tags.%": "1",
                            "tags.Name": "vpn-sophos-int"
                        },
                        "meta": {},
                        "tainted": false
                    },
                    "deposed": [],
                    "provider": ""
                },
                "aws_route_table.rtb": {
                    "type": "aws_route_table",
                    "depends_on": [
                        "aws_internet_gateway.IGW",
                        "aws_vpc.Bancroft_Group"
                    ],
                    "primary": {
                        "id": "rtb-69950715",
                        "attributes": {
                            "id": "rtb-69950715",
                            "propagating_vgws.#": "0",
                            "route.#": "1",
                            "route.3251965949.cidr_block": "0.0.0.0/0",
                            "route.3251965949.gateway_id": "igw-e9bf0d91",
                            "route.3251965949.instance_id": "",
                            "route.3251965949.nat_gateway_id": "",
                            "route.3251965949.network_interface_id": "",
                            "route.3251965949.vpc_peering_connection_id": "",
                            "tags.%": "0",
                            "vpc_id": "vpc-6f731614"
                        },
                        "meta": {},
                        "tainted": false
                    },
                    "deposed": [],
                    "provider": ""
                },
                "aws_route_table_association.main": {
                    "type": "aws_route_table_association",
                    "depends_on": [
                        "aws_route_table.rtb",
                        "aws_subnet.pub_subnet_2"
                    ],
                    "primary": {
                        "id": "rtbassoc-8d2ae5f2",
                        "attributes": {
                            "id": "rtbassoc-8d2ae5f2",
                            "route_table_id": "rtb-69950715",
                            "subnet_id": "subnet-302df87a"
                        },
                        "meta": {},
                        "tainted": false
                    },
                    "deposed": [],
                    "provider": ""
                },
                "aws_security_group.Bastion_host": {
                    "type": "aws_security_group",
                    "depends_on": [
                        "aws_vpc.Bancroft_Group"
                    ],
                    "primary": {
                        "id": "sg-d63323a0",
                        "attributes": {
                            "description": "Bastion_host",
                            "egress.#": "1",
                            "egress.482069346.cidr_blocks.#": "1",
                            "egress.482069346.cidr_blocks.0": "0.0.0.0/0",
                            "egress.482069346.from_port": "0",
                            "egress.482069346.prefix_list_ids.#": "0",
                            "egress.482069346.protocol": "-1",
                            "egress.482069346.security_groups.#": "0",
                            "egress.482069346.self": "false",
                            "egress.482069346.to_port": "0",
                            "id": "sg-d63323a0",
                            "ingress.#": "2",
                            "ingress.1017553890.cidr_blocks.#": "1",
                            "ingress.1017553890.cidr_blocks.0": "209.95.51.22/32",
                            "ingress.1017553890.from_port": "0",
                            "ingress.1017553890.protocol": "-1",
                            "ingress.1017553890.security_groups.#": "0",
                            "ingress.1017553890.self": "false",
                            "ingress.1017553890.to_port": "0",
                            "ingress.299105611.cidr_blocks.#": "1",
                            "ingress.299105611.cidr_blocks.0": "209.95.51.22/32",
                            "ingress.299105611.from_port": "22",
                            "ingress.299105611.protocol": "tcp",
                            "ingress.299105611.security_groups.#": "0",
                            "ingress.299105611.self": "false",
                            "ingress.299105611.to_port": "22",
                            "name": "bastion_host",
                            "owner_id": "752885555670",
                            "tags.%": "0",
                            "vpc_id": "vpc-6f731614"
                        },
                        "meta": {},
                        "tainted": false
                    },
                    "deposed": [],
                    "provider": ""
                },
                "aws_security_group.Internal-SG": {
                    "type": "aws_security_group",
                    "depends_on": [
                        "aws_vpc.Bancroft_Group"
                    ],
                    "primary": {
                        "id": "sg-b40111c2",
                        "attributes": {
                            "description": "Internal-SG",
                            "egress.#": "1",
                            "egress.482069346.cidr_blocks.#": "1",
                            "egress.482069346.cidr_blocks.0": "0.0.0.0/0",
                            "egress.482069346.from_port": "0",
                            "egress.482069346.prefix_list_ids.#": "0",
                            "egress.482069346.protocol": "-1",
                            "egress.482069346.security_groups.#": "0",
                            "egress.482069346.self": "false",
                            "egress.482069346.to_port": "0",
                            "id": "sg-b40111c2",
                            "ingress.#": "1",
                            "ingress.406767971.cidr_blocks.#": "1",
                            "ingress.406767971.cidr_blocks.0": "10.10.0.0/24",
                            "ingress.406767971.from_port": "22",
                            "ingress.406767971.protocol": "tcp",
                            "ingress.406767971.security_groups.#": "0",
                            "ingress.406767971.self": "false",
                            "ingress.406767971.to_port": "22",
                            "name": "Inernal-SG",
                            "owner_id": "752885555670",
                            "tags.%": "1",
                            "tags.Name": "INTERNAL-SG",
                            "vpc_id": "vpc-6f731614"
                        },
                        "meta": {},
                        "tainted": false
                    },
                    "deposed": [],
                    "provider": ""
                },
                "aws_security_group.allow_remote": {
                    "type": "aws_security_group",
                    "depends_on": [
                        "aws_vpc.Bancroft_Group"
                    ],
                    "primary": {
                        "id": "sg-960f17e0",
                        "attributes": {
                            "description": "allow remote access",
                            "egress.#": "1",
                            "egress.482069346.cidr_blocks.#": "1",
                            "egress.482069346.cidr_blocks.0": "0.0.0.0/0",
                            "egress.482069346.from_port": "0",
                            "egress.482069346.prefix_list_ids.#": "0",
                            "egress.482069346.protocol": "-1",
                            "egress.482069346.security_groups.#": "0",
                            "egress.482069346.self": "false",
                            "egress.482069346.to_port": "0",
                            "id": "sg-960f17e0",
                            "ingress.#": "3",
                            "ingress.299105611.cidr_blocks.#": "1",
                            "ingress.299105611.cidr_blocks.0": "209.95.51.22/32",
                            "ingress.299105611.from_port": "22",
                            "ingress.299105611.protocol": "tcp",
                            "ingress.299105611.security_groups.#": "0",
                            "ingress.299105611.self": "false",
                            "ingress.299105611.to_port": "22",
                            "ingress.3161823352.cidr_blocks.#": "1",
                            "ingress.3161823352.cidr_blocks.0": "209.95.51.22/32",
                            "ingress.3161823352.from_port": "80",
                            "ingress.3161823352.protocol": "tcp",
                            "ingress.3161823352.security_groups.#": "0",
                            "ingress.3161823352.self": "false",
                            "ingress.3161823352.to_port": "80",
                            "ingress.824694250.cidr_blocks.#": "1",
                            "ingress.824694250.cidr_blocks.0": "209.95.51.22/32",
                            "ingress.824694250.from_port": "3389",
                            "ingress.824694250.protocol": "tcp",
                            "ingress.824694250.security_groups.#": "0",
                            "ingress.824694250.self": "false",
                            "ingress.824694250.to_port": "3389",
                            "name": "allow_remote",
                            "owner_id": "752885555670",
                            "tags.%": "1",
                            "tags.Name": "ALLOW REMOTE ACCESS",
                            "vpc_id": "vpc-6f731614"
                        },
                        "meta": {},
                        "tainted": false
                    },
                    "deposed": [],
                    "provider": ""
                },
                "aws_security_group.sophos_int_sg": {
                    "type": "aws_security_group",
                    "depends_on": [
                        "aws_vpc.Bancroft_Group"
                    ],
                    "primary": {
                        "id": "sg-8c0b1bfa",
                        "attributes": {
                            "description": " internal interface for sophos",
                            "egress.#": "1",
                            "egress.482069346.cidr_blocks.#": "1",
                            "egress.482069346.cidr_blocks.0": "0.0.0.0/0",
                            "egress.482069346.from_port": "0",
                            "egress.482069346.prefix_list_ids.#": "0",
                            "egress.482069346.protocol": "-1",
                            "egress.482069346.security_groups.#": "0",
                            "egress.482069346.self": "false",
                            "egress.482069346.to_port": "0",
                            "id": "sg-8c0b1bfa",
                            "ingress.#": "3",
                            "ingress.2667232332.cidr_blocks.#": "1",
                            "ingress.2667232332.cidr_blocks.0": "10.10.0.0/24",
                            "ingress.2667232332.from_port": "4444",
                            "ingress.2667232332.protocol": "tcp",
                            "ingress.2667232332.security_groups.#": "0",
                            "ingress.2667232332.self": "false",
                            "ingress.2667232332.to_port": "4444",
                            "ingress.406767971.cidr_blocks.#": "1",
                            "ingress.406767971.cidr_blocks.0": "10.10.0.0/24",
                            "ingress.406767971.from_port": "22",
                            "ingress.406767971.protocol": "tcp",
                            "ingress.406767971.security_groups.#": "0",
                            "ingress.406767971.self": "false",
                            "ingress.406767971.to_port": "22",
                            "ingress.635306666.cidr_blocks.#": "2",
                            "ingress.635306666.cidr_blocks.0": "196.52.2.107/32",
                            "ingress.635306666.cidr_blocks.1": "10.10.0.0/24",
                            "ingress.635306666.from_port": "0",
                            "ingress.635306666.protocol": "-1",
                            "ingress.635306666.security_groups.#": "0",
                            "ingress.635306666.self": "false",
                            "ingress.635306666.to_port": "0",
                            "name": "sophos_internal_sg",
                            "owner_id": "752885555670",
                            "tags.%": "1",
                            "tags.Name": "SOPHOS_INT_SG",
                            "vpc_id": "vpc-6f731614"
                        },
                        "meta": {},
                        "tainted": false
                    },
                    "deposed": [],
                    "provider": ""
                },
                "aws_subnet.data_subnet_1": {
                    "type": "aws_subnet",
                    "depends_on": [
                        "aws_vpc.Bancroft_Group"
                    ],
                    "primary": {
                        "id": "subnet-62282b4d",
                        "attributes": {
                            "availability_zone": "us-east-1a",
                            "cidr_block": "10.10.4.0/25",
                            "id": "subnet-62282b4d",
                            "map_public_ip_on_launch": "false",
                            "tags.%": "1",
                            "tags.Name": "DATA_SUBNET_1",
                            "vpc_id": "vpc-6f731614"
                        },
                        "meta": {},
                        "tainted": false
                    },
                    "deposed": [],
                    "provider": ""
                },
                "aws_subnet.data_subnet_2": {
                    "type": "aws_subnet",
                    "depends_on": [
                        "aws_vpc.Bancroft_Group"
                    ],
                    "primary": {
                        "id": "subnet-ef38eda5",
                        "attributes": {
                            "availability_zone": "us-east-1b",
                            "cidr_block": "10.10.4.128/25",
                            "id": "subnet-ef38eda5",
                            "map_public_ip_on_launch": "false",
                            "tags.%": "1",
                            "tags.Name": "DATA_SUBNET_2",
                            "vpc_id": "vpc-6f731614"
                        },
                        "meta": {},
                        "tainted": false
                    },
                    "deposed": [],
                    "provider": ""
                },
                "aws_subnet.elk_Subnet_1": {
                    "type": "aws_subnet",
                    "depends_on": [
                        "aws_vpc.Bancroft_Group"
                    ],
                    "primary": {
                        "id": "subnet-204c420f",
                        "attributes": {
                            "availability_zone": "us-east-1a",
                            "cidr_block": "10.10.6.0/25",
                            "id": "subnet-204c420f",
                            "map_public_ip_on_launch": "false",
                            "tags.%": "1",
                            "tags.Name": "ELK SUBNET 1",
                            "vpc_id": "vpc-6f731614"
                        },
                        "meta": {},
                        "tainted": false
                    },
                    "deposed": [],
                    "provider": ""
                },
                "aws_subnet.mgmt_subnet_1": {
                    "type": "aws_subnet",
                    "depends_on": [
                        "aws_vpc.Bancroft_Group"
                    ],
                    "primary": {
                        "id": "subnet-892e2da6",
                        "attributes": {
                            "availability_zone": "us-east-1a",
                            "cidr_block": "10.10.3.0/25",
                            "id": "subnet-892e2da6",
                            "map_public_ip_on_launch": "false",
                            "tags.%": "1",
                            "tags.Name": "MGMT_SUBNET_1",
                            "vpc_id": "vpc-6f731614"
                        },
                        "meta": {},
                        "tainted": false
                    },
                    "deposed": [],
                    "provider": ""
                },
                "aws_subnet.mgmt_subnet_2": {
                    "type": "aws_subnet",
                    "depends_on": [
                        "aws_vpc.Bancroft_Group"
                    ],
                    "primary": {
                        "id": "subnet-b324f1f9",
                        "attributes": {
                            "availability_zone": "us-east-1b",
                            "cidr_block": "10.10.3.128/25",
                            "id": "subnet-b324f1f9",
                            "map_public_ip_on_launch": "false",
                            "tags.%": "1",
                            "tags.Name": "mgmt_subnet_2",
                            "vpc_id": "vpc-6f731614"
                        },
                        "meta": {},
                        "tainted": false
                    },
                    "deposed": [],
                    "provider": ""
                },
                "aws_subnet.pub_subnet_1": {
                    "type": "aws_subnet",
                    "depends_on": [
                        "aws_vpc.Bancroft_Group"
                    ],
                    "primary": {
                        "id": "subnet-cb2023e4",
                        "attributes": {
                            "availability_zone": "us-east-1a",
                            "cidr_block": "10.10.0.0/25",
                            "id": "subnet-cb2023e4",
                            "map_public_ip_on_launch": "false",
                            "tags.%": "1",
                            "tags.Name": "PUBLIC_SUBNET",
                            "vpc_id": "vpc-6f731614"
                        },
                        "meta": {},
                        "tainted": false
                    },
                    "deposed": [],
                    "provider": ""
                },
                "aws_subnet.pub_subnet_2": {
                    "type": "aws_subnet",
                    "depends_on": [
                        "aws_vpc.Bancroft_Group"
                    ],
                    "primary": {
                        "id": "subnet-302df87a",
                        "attributes": {
                            "availability_zone": "us-east-1b",
                            "cidr_block": "10.10.0.128/25",
                            "id": "subnet-302df87a",
                            "map_public_ip_on_launch": "false",
                            "tags.%": "1",
                            "tags.Name": "PUBLIC_SUBNET",
                            "vpc_id": "vpc-6f731614"
                        },
                        "meta": {},
                        "tainted": false
                    },
                    "deposed": [],
                    "provider": ""
                },
                "aws_subnet.sophos_int_subnet_1": {
                    "type": "aws_subnet",
                    "depends_on": [
                        "aws_vpc.Bancroft_Group"
                    ],
                    "primary": {
                        "id": "subnet-e0181bcf",
                        "attributes": {
                            "availability_zone": "us-east-1a",
                            "cidr_block": "10.10.2.0/25",
                            "id": "subnet-e0181bcf",
                            "map_public_ip_on_launch": "false",
                            "tags.%": "1",
                            "tags.Name": "SOPHOS_INT_SUBNET_1",
                            "vpc_id": "vpc-6f731614"
                        },
                        "meta": {},
                        "tainted": false
                    },
                    "deposed": [],
                    "provider": ""
                },
                "aws_subnet.sophos_int_subnet_2": {
                    "type": "aws_subnet",
                    "depends_on": [
                        "aws_vpc.Bancroft_Group"
                    ],
                    "primary": {
                        "id": "subnet-d027f29a",
                        "attributes": {
                            "availability_zone": "us-east-1b",
                            "cidr_block": "10.10.2.128/25",
                            "id": "subnet-d027f29a",
                            "map_public_ip_on_launch": "false",
                            "tags.%": "1",
                            "tags.Name": "SOPHOS_INT_SUBNET_2",
                            "vpc_id": "vpc-6f731614"
                        },
                        "meta": {},
                        "tainted": false
                    },
                    "deposed": [],
                    "provider": ""
                },
                "aws_subnet.web_subnet_1": {
                    "type": "aws_subnet",
                    "depends_on": [
                        "aws_vpc.Bancroft_Group"
                    ],
                    "primary": {
                        "id": "subnet-db1f1cf4",
                        "attributes": {
                            "availability_zone": "us-east-1a",
                            "cidr_block": "10.10.1.0/25",
                            "id": "subnet-db1f1cf4",
                            "map_public_ip_on_launch": "false",
                            "tags.%": "1",
                            "tags.Name": "WEB_SUBNET_1",
                            "vpc_id": "vpc-6f731614"
                        },
                        "meta": {},
                        "tainted": false
                    },
                    "deposed": [],
                    "provider": ""
                },
                "aws_subnet.web_subnet_2": {
                    "type": "aws_subnet",
                    "depends_on": [
                        "aws_vpc.Bancroft_Group"
                    ],
                    "primary": {
                        "id": "subnet-a73de8ed",
                        "attributes": {
                            "availability_zone": "us-east-1b",
                            "cidr_block": "10.10.1.128/25",
                            "id": "subnet-a73de8ed",
                            "map_public_ip_on_launch": "false",
                            "tags.%": "1",
                            "tags.Name": "WEB_SUBNET_2",
                            "vpc_id": "vpc-6f731614"
                        },
                        "meta": {},
                        "tainted": false
                    },
                    "deposed": [],
                    "provider": ""
                },
                "aws_vpc.Bancroft_Group": {
                    "type": "aws_vpc",
                    "depends_on": [],
                    "primary": {
                        "id": "vpc-6f731614",
                        "attributes": {
                            "cidr_block": "10.10.0.0/20",
                            "default_network_acl_id": "acl-3cca3846",
                            "default_route_table_id": "rtb-69ef7d15",
                            "default_security_group_id": "sg-47041431",
                            "dhcp_options_id": "dopt-53956f2a",
                            "enable_classiclink": "false",
                            "enable_dns_hostnames": "true",
                            "enable_dns_support": "true",
                            "id": "vpc-6f731614",
                            "instance_tenancy": "default",
                            "main_route_table_id": "rtb-69ef7d15",
                            "tags.%": "1",
                            "tags.Name": "Bancroft_Group_VPC"
                        },
                        "meta": {},
                        "tainted": false
                    },
                    "deposed": [],
                    "provider": ""
                }
            },
            "depends_on": []
        }
    ]
}
